
Microsoft Visual Studio Solution File, Format Version 12.00
# Visual Studio Version 17
VisualStudioVersion = 17.7.34221.43
MinimumVisualStudioVersion = 10.0.40219.1
Project("{FAE04EC0-301F-11D3-BF4B-00C04F79EFBC}") = "Guages.WPF", "Guages.WPF.csproj", "{E9174A07-EE81-4B6A-972B-67737865BE08}"
EndProject
Project("{FAE04EC0-301F-11D3-BF4B-00C04F79EFBC}") = "Guages.ControLib", "..\Guages.ControLib\Guages.ControLib.csproj", "{B09435C6-9B15-43A4-BF96-8B278E193285}"
EndProject
Global
	GlobalSection(SolutionConfigurationPlatforms) = preSolution
		Debug|Any CPU = Debug|Any CPU
		Release|Any CPU = Release|Any CPU
	EndGlobalSection
	GlobalSection(ProjectConfigurationPlatforms) = postSolution
		{E9174A07-EE81-4B6A-972B-67737865BE08}.Debug|Any CPU.ActiveCfg = Debug|Any CPU
		{E9174A07-EE81-4B6A-972B-67737865BE08}.Debug|Any CPU.Build.0 = Debug|Any CPU
		{E9174A07-EE81-4B6A-972B-67737865BE08}.Release|Any CPU.ActiveCfg = Release|Any CPU
		{E9174A07-EE81-4B6A-972B-67737865BE08}.Release|Any CPU.Build.0 = Release|Any CPU
		{B09435C6-9B15-43A4-BF96-8B278E193285}.Debug|Any CPU.ActiveCfg = Debug|Any CPU
		{B09435C6-9B15-43A4-BF96-8B278E193285}.Debug|Any CPU.Build.0 = Debug|Any CPU
		{B09435C6-9B15-43A4-BF96-8B278E193285}.Release|Any CPU.ActiveCfg = Release|Any CPU
		{B09435C6-9B15-43A4-BF96-8B278E193285}.Release|Any CPU.Build.0 = Release|Any CPU
	EndGlobalSection
	GlobalSection(SolutionProperties) = preSolution
		HideSolutionNode = FALSE
	EndGlobalSection
	GlobalSection(ExtensibilityGlobals) = postSolution
		SolutionGuid = {E0285B8A-32C6-4AC8-A6D8-A91DDA17A19B}
	EndGlobalSection
EndGlobal
